
Microsoft Visual Studio Solution File, Format Version 12.00
# Visual Studio Version 17
VisualStudioVersion = 17.7.34031.279
MinimumVisualStudioVersion = 10.0.40219.1
Project("{FAE04EC0-301F-11D3-BF4B-00C04F79EFBC}") = "ejercicio.array3", "ejercicio.array3.csproj", "{6999B975-7ABA-4C26-885B-3C0A2CF3CCE9}"
EndProject
Global
	GlobalSection(SolutionConfigurationPlatforms) = preSolution
		Debug|Any CPU = Debug|Any CPU
		Release|Any CPU = Release|Any CPU
	EndGlobalSection
	GlobalSection(ProjectConfigurationPlatforms) = postSolution
		{6999B975-7ABA-4C26-885B-3C0A2CF3CCE9}.Debug|Any CPU.ActiveCfg = Debug|Any CPU
		{6999B975-7ABA-4C26-885B-3C0A2CF3CCE9}.Debug|Any CPU.Build.0 = Debug|Any CPU
		{6999B975-7ABA-4C26-885B-3C0A2CF3CCE9}.Release|Any CPU.ActiveCfg = Release|Any CPU
		{6999B975-7ABA-4C26-885B-3C0A2CF3CCE9}.Release|Any CPU.Build.0 = Release|Any CPU
	EndGlobalSection
	GlobalSection(SolutionProperties) = preSolution
		HideSolutionNode = FALSE
	EndGlobalSection
	GlobalSection(ExtensibilityGlobals) = postSolution
		SolutionGuid = {4E7F02B1-9B5A-4597-81E7-D3CF716D922D}
	EndGlobalSection
EndGlobal
